
Microsoft Visual Studio Solution File, Format Version 12.00
# Visual Studio Version 17
VisualStudioVersion = 17.2.32505.173
MinimumVisualStudioVersion = 10.0.40219.1
Project("{9A19103F-16F7-4668-BE54-9A1E7A4F7556}") = "ReServer", "ReServer\ReServer.csproj", "{1B0437ED-2252-472E-9BB6-9F13089876C1}"
EndProject
Project("{2150E333-8FDC-42A3-9474-1A3956D46DE8}") = "SystemTools", "SystemTools", "{D07917F4-0393-47A7-BC0C-5C20B60641BF}"
EndProject
Project("{9A19103F-16F7-4668-BE54-9A1E7A4F7556}") = "SystemToolsShared", "..\SystemTools\SystemToolsShared\SystemToolsShared.csproj", "{DF425FF1-ECDE-4B8A-B62A-354FB3A20451}"
EndProject
Project("{2150E333-8FDC-42A3-9474-1A3956D46DE8}") = "ConnectionTools", "ConnectionTools", "{112CA851-FE69-4C23-92E0-A414C69A0853}"
EndProject
Project("{9A19103F-16F7-4668-BE54-9A1E7A4F7556}") = "ConnectTools", "..\ConnectionTools\ConnectTools\ConnectTools.csproj", "{8660E1C1-C2CA-48A7-BBF9-2F521C24B303}"
EndProject
Project("{9A19103F-16F7-4668-BE54-9A1E7A4F7556}") = "CToolsFabric", "..\ConnectionTools\CToolsFabric\CToolsFabric.csproj", "{956145B8-3CD4-41BC-8CC6-22CBC7AD260E}"
EndProject
Project("{9A19103F-16F7-4668-BE54-9A1E7A4F7556}") = "FTPTools", "..\ConnectionTools\FTPTools\FTPTools.csproj", "{B95F9A58-6357-42D8-8736-DE6E8413B75C}"
EndProject
Project("{2150E333-8FDC-42A3-9474-1A3956D46DE8}") = "WebSystemTools", "WebSystemTools", "{636413E5-1D87-4DA1-9A97-CA8B328853EC}"
EndProject
Project("{9A19103F-16F7-4668-BE54-9A1E7A4F7556}") = "WebInstallers", "..\WebSystemTools\WebInstallers\WebInstallers.csproj", "{54906CE2-A31F-4198-BD33-70735C82D505}"
EndProject
Project("{9A19103F-16F7-4668-BE54-9A1E7A4F7556}") = "TestToolsData", "..\WebSystemTools\TestToolsData\TestToolsData.csproj", "{4E854B43-B7DC-469A-ACCD-946EC0B58B73}"
EndProject
Project("{9A19103F-16F7-4668-BE54-9A1E7A4F7556}") = "ConfigurationEncrypt", "..\WebSystemTools\ConfigurationEncrypt\ConfigurationEncrypt.csproj", "{AC97EE72-8346-4ABA-83AA-9E257C886ED1}"
EndProject
Project("{9A19103F-16F7-4668-BE54-9A1E7A4F7556}") = "SerilogLogger", "..\WebSystemTools\SerilogLogger\SerilogLogger.csproj", "{109B4693-1FE2-47CA-B9AA-23F2CF1D2781}"
EndProject
Project("{9A19103F-16F7-4668-BE54-9A1E7A4F7556}") = "WindowsServiceTools", "..\WebSystemTools\WindowsServiceTools\WindowsServiceTools.csproj", "{5AED1097-A18E-4CA1-913A-079BEE2487B0}"
EndProject
Project("{9A19103F-16F7-4668-BE54-9A1E7A4F7556}") = "SwaggerTools", "..\WebSystemTools\SwaggerTools\SwaggerTools.csproj", "{8B6EF72C-6E84-4F14-A745-2FB4BCD915A9}"
EndProject
Project("{2150E333-8FDC-42A3-9474-1A3956D46DE8}") = "DatabaseTools", "DatabaseTools", "{B7A0D2C4-0E06-4E5D-979F-D5F32FD5F678}"
EndProject
Project("{9A19103F-16F7-4668-BE54-9A1E7A4F7556}") = "DbTools", "..\DatabaseTools\DbTools\DbTools.csproj", "{6493DB84-265B-4497-9108-AEF3E5783308}"
EndProject
Project("{9A19103F-16F7-4668-BE54-9A1E7A4F7556}") = "SqLiteDbTools", "..\DatabaseTools\SqLiteDbTools\SqLiteDbTools.csproj", "{D0950FE5-13E3-4473-808A-80452E56257B}"
EndProject
Project("{9A19103F-16F7-4668-BE54-9A1E7A4F7556}") = "SqlServerDbTools", "..\DatabaseTools\SqlServerDbTools\SqlServerDbTools.csproj", "{8C6B656E-271C-467C-87EF-AAEC78227CAC}"
EndProject
Project("{9A19103F-16F7-4668-BE54-9A1E7A4F7556}") = "DbToolsFabric", "..\DatabaseTools\DbToolsFabric\DbToolsFabric.csproj", "{8959C25E-D1D9-4099-B8A9-474F2B537F69}"
EndProject
Project("{2150E333-8FDC-42A3-9474-1A3956D46DE8}") = "ParametersManagement", "ParametersManagement", "{C244A930-2942-407F-9211-3DC0A9C05FEB}"
EndProject
Project("{9A19103F-16F7-4668-BE54-9A1E7A4F7556}") = "LibDatabaseParameters", "..\ParametersManagement\LibDatabaseParameters\LibDatabaseParameters.csproj", "{18C484B1-374D-48C9-9988-0D075D2BFF8E}"
EndProject
Project("{9A19103F-16F7-4668-BE54-9A1E7A4F7556}") = "LibApiClientParameters", "..\ParametersManagement\LibApiClientParameters\LibApiClientParameters.csproj", "{A2ECCE92-4590-4A75-9BC3-EAACE913D184}"
EndProject
Project("{9A19103F-16F7-4668-BE54-9A1E7A4F7556}") = "LibFileParameters", "..\ParametersManagement\LibFileParameters\LibFileParameters.csproj", "{9A756E79-D880-4374-889F-6D6A24BDEC3A}"
EndProject
Project("{9A19103F-16F7-4668-BE54-9A1E7A4F7556}") = "LibParameters", "..\ParametersManagement\LibParameters\LibParameters.csproj", "{0C700C99-A40E-466C-970E-A6237B490B34}"
EndProject
Project("{2150E333-8FDC-42A3-9474-1A3956D46DE8}") = "ToolsManagement", "ToolsManagement", "{79D05E55-9C16-42D9-A73B-C0DD9A49BAE2}"
EndProject
Project("{9A19103F-16F7-4668-BE54-9A1E7A4F7556}") = "LibToolActions", "..\ToolsManagement\LibToolActions\LibToolActions.csproj", "{E573BD02-8CD1-445E-8E39-C776E61C9483}"
EndProject
Project("{9A19103F-16F7-4668-BE54-9A1E7A4F7556}") = "CompressionManagement", "..\ToolsManagement\CompressionManagement\CompressionManagement.csproj", "{41C9D479-0CC3-4790-8C50-39F50DD0645C}"
EndProject
Project("{9A19103F-16F7-4668-BE54-9A1E7A4F7556}") = "FileManagersMain", "..\ToolsManagement\FileManagersMain\FileManagersMain.csproj", "{54E31AA5-FA02-472B-BF1B-63269B02A1BA}"
EndProject
Project("{2150E333-8FDC-42A3-9474-1A3956D46DE8}") = "ApAgentData", "ApAgentData", "{778ED478-5F74-49D4-A0C6-AF8D0A30A450}"
EndProject
Project("{9A19103F-16F7-4668-BE54-9A1E7A4F7556}") = "LibApAgentData", "..\ApAgentData\LibApAgentData\LibApAgentData.csproj", "{8ECB20A8-BC50-4BCD-85F5-B59A2A583099}"
EndProject
Project("{9A19103F-16F7-4668-BE54-9A1E7A4F7556}") = "TestToolsApi", "..\WebSystemTools\TestToolsApi\TestToolsApi.csproj", "{79A27AB2-4E9F-4756-B1B7-F141E76CDBEC}"
EndProject
Project("{9A19103F-16F7-4668-BE54-9A1E7A4F7556}") = "DatabasesManagement", "..\ToolsManagement\DatabasesManagement\DatabasesManagement.csproj", "{839FFBFC-9C3A-4A42-AF30-397E4ECA5DB3}"
EndProject
Project("{9A19103F-16F7-4668-BE54-9A1E7A4F7556}") = "ApiClientsManagement", "..\ToolsManagement\ApiClientsManagement\ApiClientsManagement.csproj", "{AD999CBB-CCB8-403D-97CE-B58DA8DB7ABF}"
EndProject
Project("{9A19103F-16F7-4668-BE54-9A1E7A4F7556}") = "ApiExceptionHandler", "..\WebSystemTools\ApiExceptionHandler\ApiExceptionHandler.csproj", "{6AE0A841-C28A-4029-80AB-39EEDCCDAB8C}"
EndProject
Project("{9A19103F-16F7-4668-BE54-9A1E7A4F7556}") = "HttpClientInstaller", "..\WebSystemTools\HttpClientInstaller\HttpClientInstaller.csproj", "{B4D9AA0D-31EE-49A4-88A2-CD7D3BE1C6F0}"
EndProject
Project("{2150E333-8FDC-42A3-9474-1A3956D46DE8}") = "WebAgentContracts", "WebAgentContracts", "{F4E1055C-5255-49AC-BA82-14EEE54F598C}"
EndProject
Project("{9A19103F-16F7-4668-BE54-9A1E7A4F7556}") = "WebAgentDatabasesApiContracts", "..\WebAgentContracts\WebAgentDatabasesApiContracts\WebAgentDatabasesApiContracts.csproj", "{21D461C4-C336-4746-9452-CFC3BEB95565}"
EndProject
Project("{9A19103F-16F7-4668-BE54-9A1E7A4F7556}") = "TestApiContracts", "..\SystemTools\TestApiContracts\TestApiContracts.csproj", "{8464299F-22FF-442D-83AB-EA589373D535}"
EndProject
Project("{9A19103F-16F7-4668-BE54-9A1E7A4F7556}") = "ApiContracts", "..\SystemTools\ApiContracts\ApiContracts.csproj", "{395F9998-CEC8-4B77-93AA-0EEF6A4577EC}"
EndProject
Project("{9A19103F-16F7-4668-BE54-9A1E7A4F7556}") = "StringMessagesApiContracts", "..\SystemTools\StringMessagesApiContracts\StringMessagesApiContracts.csproj", "{9E1609CD-240E-425D-AFFE-28C37B5EF2C5}"
EndProject
Project("{FAE04EC0-301F-11D3-BF4B-00C04F79EFBC}") = "OleDbTools", "..\DatabaseTools\OleDbTools\OleDbTools.csproj", "{E688605E-6F58-438A-9EF1-406AAF951889}"
EndProject
Global
	GlobalSection(SolutionConfigurationPlatforms) = preSolution
		Debug|Any CPU = Debug|Any CPU
		Release|Any CPU = Release|Any CPU
	EndGlobalSection
	GlobalSection(ProjectConfigurationPlatforms) = postSolution
		{1B0437ED-2252-472E-9BB6-9F13089876C1}.Debug|Any CPU.ActiveCfg = Debug|Any CPU
		{1B0437ED-2252-472E-9BB6-9F13089876C1}.Debug|Any CPU.Build.0 = Debug|Any CPU
		{1B0437ED-2252-472E-9BB6-9F13089876C1}.Release|Any CPU.ActiveCfg = Release|Any CPU
		{1B0437ED-2252-472E-9BB6-9F13089876C1}.Release|Any CPU.Build.0 = Release|Any CPU
		{DF425FF1-ECDE-4B8A-B62A-354FB3A20451}.Debug|Any CPU.ActiveCfg = Debug|Any CPU
		{DF425FF1-ECDE-4B8A-B62A-354FB3A20451}.Debug|Any CPU.Build.0 = Debug|Any CPU
		{DF425FF1-ECDE-4B8A-B62A-354FB3A20451}.Release|Any CPU.ActiveCfg = Release|Any CPU
		{DF425FF1-ECDE-4B8A-B62A-354FB3A20451}.Release|Any CPU.Build.0 = Release|Any CPU
		{8660E1C1-C2CA-48A7-BBF9-2F521C24B303}.Debug|Any CPU.ActiveCfg = Debug|Any CPU
		{8660E1C1-C2CA-48A7-BBF9-2F521C24B303}.Debug|Any CPU.Build.0 = Debug|Any CPU
		{8660E1C1-C2CA-48A7-BBF9-2F521C24B303}.Release|Any CPU.ActiveCfg = Release|Any CPU
		{8660E1C1-C2CA-48A7-BBF9-2F521C24B303}.Release|Any CPU.Build.0 = Release|Any CPU
		{956145B8-3CD4-41BC-8CC6-22CBC7AD260E}.Debug|Any CPU.ActiveCfg = Debug|Any CPU
		{956145B8-3CD4-41BC-8CC6-22CBC7AD260E}.Debug|Any CPU.Build.0 = Debug|Any CPU
		{956145B8-3CD4-41BC-8CC6-22CBC7AD260E}.Release|Any CPU.ActiveCfg = Release|Any CPU
		{956145B8-3CD4-41BC-8CC6-22CBC7AD260E}.Release|Any CPU.Build.0 = Release|Any CPU
		{B95F9A58-6357-42D8-8736-DE6E8413B75C}.Debug|Any CPU.ActiveCfg = Debug|Any CPU
		{B95F9A58-6357-42D8-8736-DE6E8413B75C}.Debug|Any CPU.Build.0 = Debug|Any CPU
		{B95F9A58-6357-42D8-8736-DE6E8413B75C}.Release|Any CPU.ActiveCfg = Release|Any CPU
		{B95F9A58-6357-42D8-8736-DE6E8413B75C}.Release|Any CPU.Build.0 = Release|Any CPU
		{54906CE2-A31F-4198-BD33-70735C82D505}.Debug|Any CPU.ActiveCfg = Debug|Any CPU
		{54906CE2-A31F-4198-BD33-70735C82D505}.Debug|Any CPU.Build.0 = Debug|Any CPU
		{54906CE2-A31F-4198-BD33-70735C82D505}.Release|Any CPU.ActiveCfg = Release|Any CPU
		{54906CE2-A31F-4198-BD33-70735C82D505}.Release|Any CPU.Build.0 = Release|Any CPU
		{4E854B43-B7DC-469A-ACCD-946EC0B58B73}.Debug|Any CPU.ActiveCfg = Debug|Any CPU
		{4E854B43-B7DC-469A-ACCD-946EC0B58B73}.Debug|Any CPU.Build.0 = Debug|Any CPU
		{4E854B43-B7DC-469A-ACCD-946EC0B58B73}.Release|Any CPU.ActiveCfg = Release|Any CPU
		{4E854B43-B7DC-469A-ACCD-946EC0B58B73}.Release|Any CPU.Build.0 = Release|Any CPU
		{AC97EE72-8346-4ABA-83AA-9E257C886ED1}.Debug|Any CPU.ActiveCfg = Debug|Any CPU
		{AC97EE72-8346-4ABA-83AA-9E257C886ED1}.Debug|Any CPU.Build.0 = Debug|Any CPU
		{AC97EE72-8346-4ABA-83AA-9E257C886ED1}.Release|Any CPU.ActiveCfg = Release|Any CPU
		{AC97EE72-8346-4ABA-83AA-9E257C886ED1}.Release|Any CPU.Build.0 = Release|Any CPU
		{109B4693-1FE2-47CA-B9AA-23F2CF1D2781}.Debug|Any CPU.ActiveCfg = Debug|Any CPU
		{109B4693-1FE2-47CA-B9AA-23F2CF1D2781}.Debug|Any CPU.Build.0 = Debug|Any CPU
		{109B4693-1FE2-47CA-B9AA-23F2CF1D2781}.Release|Any CPU.ActiveCfg = Release|Any CPU
		{109B4693-1FE2-47CA-B9AA-23F2CF1D2781}.Release|Any CPU.Build.0 = Release|Any CPU
		{5AED1097-A18E-4CA1-913A-079BEE2487B0}.Debug|Any CPU.ActiveCfg = Debug|Any CPU
		{5AED1097-A18E-4CA1-913A-079BEE2487B0}.Debug|Any CPU.Build.0 = Debug|Any CPU
		{5AED1097-A18E-4CA1-913A-079BEE2487B0}.Release|Any CPU.ActiveCfg = Release|Any CPU
		{5AED1097-A18E-4CA1-913A-079BEE2487B0}.Release|Any CPU.Build.0 = Release|Any CPU
		{8B6EF72C-6E84-4F14-A745-2FB4BCD915A9}.Debug|Any CPU.ActiveCfg = Debug|Any CPU
		{8B6EF72C-6E84-4F14-A745-2FB4BCD915A9}.Debug|Any CPU.Build.0 = Debug|Any CPU
		{8B6EF72C-6E84-4F14-A745-2FB4BCD915A9}.Release|Any CPU.ActiveCfg = Release|Any CPU
		{8B6EF72C-6E84-4F14-A745-2FB4BCD915A9}.Release|Any CPU.Build.0 = Release|Any CPU
		{6493DB84-265B-4497-9108-AEF3E5783308}.Debug|Any CPU.ActiveCfg = Debug|Any CPU
		{6493DB84-265B-4497-9108-AEF3E5783308}.Debug|Any CPU.Build.0 = Debug|Any CPU
		{6493DB84-265B-4497-9108-AEF3E5783308}.Release|Any CPU.ActiveCfg = Release|Any CPU
		{6493DB84-265B-4497-9108-AEF3E5783308}.Release|Any CPU.Build.0 = Release|Any CPU
		{D0950FE5-13E3-4473-808A-80452E56257B}.Debug|Any CPU.ActiveCfg = Debug|Any CPU
		{D0950FE5-13E3-4473-808A-80452E56257B}.Debug|Any CPU.Build.0 = Debug|Any CPU
		{D0950FE5-13E3-4473-808A-80452E56257B}.Release|Any CPU.ActiveCfg = Release|Any CPU
		{D0950FE5-13E3-4473-808A-80452E56257B}.Release|Any CPU.Build.0 = Release|Any CPU
		{8C6B656E-271C-467C-87EF-AAEC78227CAC}.Debug|Any CPU.ActiveCfg = Debug|Any CPU
		{8C6B656E-271C-467C-87EF-AAEC78227CAC}.Debug|Any CPU.Build.0 = Debug|Any CPU
		{8C6B656E-271C-467C-87EF-AAEC78227CAC}.Release|Any CPU.ActiveCfg = Release|Any CPU
		{8C6B656E-271C-467C-87EF-AAEC78227CAC}.Release|Any CPU.Build.0 = Release|Any CPU
		{8959C25E-D1D9-4099-B8A9-474F2B537F69}.Debug|Any CPU.ActiveCfg = Debug|Any CPU
		{8959C25E-D1D9-4099-B8A9-474F2B537F69}.Debug|Any CPU.Build.0 = Debug|Any CPU
		{8959C25E-D1D9-4099-B8A9-474F2B537F69}.Release|Any CPU.ActiveCfg = Release|Any CPU
		{8959C25E-D1D9-4099-B8A9-474F2B537F69}.Release|Any CPU.Build.0 = Release|Any CPU
		{18C484B1-374D-48C9-9988-0D075D2BFF8E}.Debug|Any CPU.ActiveCfg = Debug|Any CPU
		{18C484B1-374D-48C9-9988-0D075D2BFF8E}.Debug|Any CPU.Build.0 = Debug|Any CPU
		{18C484B1-374D-48C9-9988-0D075D2BFF8E}.Release|Any CPU.ActiveCfg = Release|Any CPU
		{18C484B1-374D-48C9-9988-0D075D2BFF8E}.Release|Any CPU.Build.0 = Release|Any CPU
		{A2ECCE92-4590-4A75-9BC3-EAACE913D184}.Debug|Any CPU.ActiveCfg = Debug|Any CPU
		{A2ECCE92-4590-4A75-9BC3-EAACE913D184}.Debug|Any CPU.Build.0 = Debug|Any CPU
		{A2ECCE92-4590-4A75-9BC3-EAACE913D184}.Release|Any CPU.ActiveCfg = Release|Any CPU
		{A2ECCE92-4590-4A75-9BC3-EAACE913D184}.Release|Any CPU.Build.0 = Release|Any CPU
		{9A756E79-D880-4374-889F-6D6A24BDEC3A}.Debug|Any CPU.ActiveCfg = Debug|Any CPU
		{9A756E79-D880-4374-889F-6D6A24BDEC3A}.Debug|Any CPU.Build.0 = Debug|Any CPU
		{9A756E79-D880-4374-889F-6D6A24BDEC3A}.Release|Any CPU.ActiveCfg = Release|Any CPU
		{9A756E79-D880-4374-889F-6D6A24BDEC3A}.Release|Any CPU.Build.0 = Release|Any CPU
		{0C700C99-A40E-466C-970E-A6237B490B34}.Debug|Any CPU.ActiveCfg = Debug|Any CPU
		{0C700C99-A40E-466C-970E-A6237B490B34}.Debug|Any CPU.Build.0 = Debug|Any CPU
		{0C700C99-A40E-466C-970E-A6237B490B34}.Release|Any CPU.ActiveCfg = Release|Any CPU
		{0C700C99-A40E-466C-970E-A6237B490B34}.Release|Any CPU.Build.0 = Release|Any CPU
		{E573BD02-8CD1-445E-8E39-C776E61C9483}.Debug|Any CPU.ActiveCfg = Debug|Any CPU
		{E573BD02-8CD1-445E-8E39-C776E61C9483}.Debug|Any CPU.Build.0 = Debug|Any CPU
		{E573BD02-8CD1-445E-8E39-C776E61C9483}.Release|Any CPU.ActiveCfg = Release|Any CPU
		{E573BD02-8CD1-445E-8E39-C776E61C9483}.Release|Any CPU.Build.0 = Release|Any CPU
		{41C9D479-0CC3-4790-8C50-39F50DD0645C}.Debug|Any CPU.ActiveCfg = Debug|Any CPU
		{41C9D479-0CC3-4790-8C50-39F50DD0645C}.Debug|Any CPU.Build.0 = Debug|Any CPU
		{41C9D479-0CC3-4790-8C50-39F50DD0645C}.Release|Any CPU.ActiveCfg = Release|Any CPU
		{41C9D479-0CC3-4790-8C50-39F50DD0645C}.Release|Any CPU.Build.0 = Release|Any CPU
		{54E31AA5-FA02-472B-BF1B-63269B02A1BA}.Debug|Any CPU.ActiveCfg = Debug|Any CPU
		{54E31AA5-FA02-472B-BF1B-63269B02A1BA}.Debug|Any CPU.Build.0 = Debug|Any CPU
		{54E31AA5-FA02-472B-BF1B-63269B02A1BA}.Release|Any CPU.ActiveCfg = Release|Any CPU
		{54E31AA5-FA02-472B-BF1B-63269B02A1BA}.Release|Any CPU.Build.0 = Release|Any CPU
		{8ECB20A8-BC50-4BCD-85F5-B59A2A583099}.Debug|Any CPU.ActiveCfg = Debug|Any CPU
		{8ECB20A8-BC50-4BCD-85F5-B59A2A583099}.Debug|Any CPU.Build.0 = Debug|Any CPU
		{8ECB20A8-BC50-4BCD-85F5-B59A2A583099}.Release|Any CPU.ActiveCfg = Release|Any CPU
		{8ECB20A8-BC50-4BCD-85F5-B59A2A583099}.Release|Any CPU.Build.0 = Release|Any CPU
		{79A27AB2-4E9F-4756-B1B7-F141E76CDBEC}.Debug|Any CPU.ActiveCfg = Debug|Any CPU
		{79A27AB2-4E9F-4756-B1B7-F141E76CDBEC}.Debug|Any CPU.Build.0 = Debug|Any CPU
		{79A27AB2-4E9F-4756-B1B7-F141E76CDBEC}.Release|Any CPU.ActiveCfg = Release|Any CPU
		{79A27AB2-4E9F-4756-B1B7-F141E76CDBEC}.Release|Any CPU.Build.0 = Release|Any CPU
		{839FFBFC-9C3A-4A42-AF30-397E4ECA5DB3}.Debug|Any CPU.ActiveCfg = Debug|Any CPU
		{839FFBFC-9C3A-4A42-AF30-397E4ECA5DB3}.Debug|Any CPU.Build.0 = Debug|Any CPU
		{839FFBFC-9C3A-4A42-AF30-397E4ECA5DB3}.Release|Any CPU.ActiveCfg = Release|Any CPU
		{839FFBFC-9C3A-4A42-AF30-397E4ECA5DB3}.Release|Any CPU.Build.0 = Release|Any CPU
		{AD999CBB-CCB8-403D-97CE-B58DA8DB7ABF}.Debug|Any CPU.ActiveCfg = Debug|Any CPU
		{AD999CBB-CCB8-403D-97CE-B58DA8DB7ABF}.Debug|Any CPU.Build.0 = Debug|Any CPU
		{AD999CBB-CCB8-403D-97CE-B58DA8DB7ABF}.Release|Any CPU.ActiveCfg = Release|Any CPU
		{AD999CBB-CCB8-403D-97CE-B58DA8DB7ABF}.Release|Any CPU.Build.0 = Release|Any CPU
		{6AE0A841-C28A-4029-80AB-39EEDCCDAB8C}.Debug|Any CPU.ActiveCfg = Debug|Any CPU
		{6AE0A841-C28A-4029-80AB-39EEDCCDAB8C}.Debug|Any CPU.Build.0 = Debug|Any CPU
		{6AE0A841-C28A-4029-80AB-39EEDCCDAB8C}.Release|Any CPU.ActiveCfg = Release|Any CPU
		{6AE0A841-C28A-4029-80AB-39EEDCCDAB8C}.Release|Any CPU.Build.0 = Release|Any CPU
		{B4D9AA0D-31EE-49A4-88A2-CD7D3BE1C6F0}.Debug|Any CPU.ActiveCfg = Debug|Any CPU
		{B4D9AA0D-31EE-49A4-88A2-CD7D3BE1C6F0}.Debug|Any CPU.Build.0 = Debug|Any CPU
		{B4D9AA0D-31EE-49A4-88A2-CD7D3BE1C6F0}.Release|Any CPU.ActiveCfg = Release|Any CPU
		{B4D9AA0D-31EE-49A4-88A2-CD7D3BE1C6F0}.Release|Any CPU.Build.0 = Release|Any CPU
		{21D461C4-C336-4746-9452-CFC3BEB95565}.Debug|Any CPU.ActiveCfg = Debug|Any CPU
		{21D461C4-C336-4746-9452-CFC3BEB95565}.Debug|Any CPU.Build.0 = Debug|Any CPU
		{21D461C4-C336-4746-9452-CFC3BEB95565}.Release|Any CPU.ActiveCfg = Release|Any CPU
		{21D461C4-C336-4746-9452-CFC3BEB95565}.Release|Any CPU.Build.0 = Release|Any CPU
		{8464299F-22FF-442D-83AB-EA589373D535}.Debug|Any CPU.ActiveCfg = Debug|Any CPU
		{8464299F-22FF-442D-83AB-EA589373D535}.Debug|Any CPU.Build.0 = Debug|Any CPU
		{8464299F-22FF-442D-83AB-EA589373D535}.Release|Any CPU.ActiveCfg = Release|Any CPU
		{8464299F-22FF-442D-83AB-EA589373D535}.Release|Any CPU.Build.0 = Release|Any CPU
		{395F9998-CEC8-4B77-93AA-0EEF6A4577EC}.Debug|Any CPU.ActiveCfg = Debug|Any CPU
		{395F9998-CEC8-4B77-93AA-0EEF6A4577EC}.Debug|Any CPU.Build.0 = Debug|Any CPU
		{395F9998-CEC8-4B77-93AA-0EEF6A4577EC}.Release|Any CPU.ActiveCfg = Release|Any CPU
		{395F9998-CEC8-4B77-93AA-0EEF6A4577EC}.Release|Any CPU.Build.0 = Release|Any CPU
		{9E1609CD-240E-425D-AFFE-28C37B5EF2C5}.Debug|Any CPU.ActiveCfg = Debug|Any CPU
		{9E1609CD-240E-425D-AFFE-28C37B5EF2C5}.Debug|Any CPU.Build.0 = Debug|Any CPU
		{9E1609CD-240E-425D-AFFE-28C37B5EF2C5}.Release|Any CPU.ActiveCfg = Release|Any CPU
		{9E1609CD-240E-425D-AFFE-28C37B5EF2C5}.Release|Any CPU.Build.0 = Release|Any CPU
		{E688605E-6F58-438A-9EF1-406AAF951889}.Debug|Any CPU.ActiveCfg = Debug|Any CPU
		{E688605E-6F58-438A-9EF1-406AAF951889}.Debug|Any CPU.Build.0 = Debug|Any CPU
		{E688605E-6F58-438A-9EF1-406AAF951889}.Release|Any CPU.ActiveCfg = Release|Any CPU
		{E688605E-6F58-438A-9EF1-406AAF951889}.Release|Any CPU.Build.0 = Release|Any CPU
	EndGlobalSection
	GlobalSection(SolutionProperties) = preSolution
		HideSolutionNode = FALSE
	EndGlobalSection
	GlobalSection(NestedProjects) = preSolution
		{DF425FF1-ECDE-4B8A-B62A-354FB3A20451} = {D07917F4-0393-47A7-BC0C-5C20B60641BF}
		{8660E1C1-C2CA-48A7-BBF9-2F521C24B303} = {112CA851-FE69-4C23-92E0-A414C69A0853}
		{956145B8-3CD4-41BC-8CC6-22CBC7AD260E} = {112CA851-FE69-4C23-92E0-A414C69A0853}
		{B95F9A58-6357-42D8-8736-DE6E8413B75C} = {112CA851-FE69-4C23-92E0-A414C69A0853}
		{54906CE2-A31F-4198-BD33-70735C82D505} = {636413E5-1D87-4DA1-9A97-CA8B328853EC}
		{4E854B43-B7DC-469A-ACCD-946EC0B58B73} = {636413E5-1D87-4DA1-9A97-CA8B328853EC}
		{AC97EE72-8346-4ABA-83AA-9E257C886ED1} = {636413E5-1D87-4DA1-9A97-CA8B328853EC}
		{109B4693-1FE2-47CA-B9AA-23F2CF1D2781} = {636413E5-1D87-4DA1-9A97-CA8B328853EC}
		{5AED1097-A18E-4CA1-913A-079BEE2487B0} = {636413E5-1D87-4DA1-9A97-CA8B328853EC}
		{8B6EF72C-6E84-4F14-A745-2FB4BCD915A9} = {636413E5-1D87-4DA1-9A97-CA8B328853EC}
		{6493DB84-265B-4497-9108-AEF3E5783308} = {B7A0D2C4-0E06-4E5D-979F-D5F32FD5F678}
		{D0950FE5-13E3-4473-808A-80452E56257B} = {B7A0D2C4-0E06-4E5D-979F-D5F32FD5F678}
		{8C6B656E-271C-467C-87EF-AAEC78227CAC} = {B7A0D2C4-0E06-4E5D-979F-D5F32FD5F678}
		{8959C25E-D1D9-4099-B8A9-474F2B537F69} = {B7A0D2C4-0E06-4E5D-979F-D5F32FD5F678}
		{18C484B1-374D-48C9-9988-0D075D2BFF8E} = {C244A930-2942-407F-9211-3DC0A9C05FEB}
		{A2ECCE92-4590-4A75-9BC3-EAACE913D184} = {C244A930-2942-407F-9211-3DC0A9C05FEB}
		{9A756E79-D880-4374-889F-6D6A24BDEC3A} = {C244A930-2942-407F-9211-3DC0A9C05FEB}
		{0C700C99-A40E-466C-970E-A6237B490B34} = {C244A930-2942-407F-9211-3DC0A9C05FEB}
		{E573BD02-8CD1-445E-8E39-C776E61C9483} = {79D05E55-9C16-42D9-A73B-C0DD9A49BAE2}
		{41C9D479-0CC3-4790-8C50-39F50DD0645C} = {79D05E55-9C16-42D9-A73B-C0DD9A49BAE2}
		{54E31AA5-FA02-472B-BF1B-63269B02A1BA} = {79D05E55-9C16-42D9-A73B-C0DD9A49BAE2}
		{8ECB20A8-BC50-4BCD-85F5-B59A2A583099} = {778ED478-5F74-49D4-A0C6-AF8D0A30A450}
		{79A27AB2-4E9F-4756-B1B7-F141E76CDBEC} = {636413E5-1D87-4DA1-9A97-CA8B328853EC}
		{839FFBFC-9C3A-4A42-AF30-397E4ECA5DB3} = {79D05E55-9C16-42D9-A73B-C0DD9A49BAE2}
		{AD999CBB-CCB8-403D-97CE-B58DA8DB7ABF} = {79D05E55-9C16-42D9-A73B-C0DD9A49BAE2}
		{6AE0A841-C28A-4029-80AB-39EEDCCDAB8C} = {636413E5-1D87-4DA1-9A97-CA8B328853EC}
		{B4D9AA0D-31EE-49A4-88A2-CD7D3BE1C6F0} = {636413E5-1D87-4DA1-9A97-CA8B328853EC}
		{21D461C4-C336-4746-9452-CFC3BEB95565} = {F4E1055C-5255-49AC-BA82-14EEE54F598C}
		{8464299F-22FF-442D-83AB-EA589373D535} = {D07917F4-0393-47A7-BC0C-5C20B60641BF}
		{395F9998-CEC8-4B77-93AA-0EEF6A4577EC} = {D07917F4-0393-47A7-BC0C-5C20B60641BF}
		{9E1609CD-240E-425D-AFFE-28C37B5EF2C5} = {D07917F4-0393-47A7-BC0C-5C20B60641BF}
		{E688605E-6F58-438A-9EF1-406AAF951889} = {B7A0D2C4-0E06-4E5D-979F-D5F32FD5F678}
	EndGlobalSection
	GlobalSection(ExtensibilityGlobals) = postSolution
		SolutionGuid = {3FE1E259-F150-4CB5-A963-8A643C1D67A2}
	EndGlobalSection
EndGlobal
